# This file is generated by running "yarn install" inside your project.
# Manual changes might be lost - proceed with caution!

__metadata:
  version: 4
  cacheKey: 7

"balanced-match@npm:^1.0.0":
  version: 1.0.0
  resolution: "balanced-match@npm:1.0.0"
  checksum: f515a605fe1b59f476f7477c5e1d53ad55b4f42982fca1d57b6701906f4ad1f1ac90fd6587d92cc1af2edb43eecf979214dd847ee410a6de9db4ebf0dd128d62
  languageName: node
  linkType: hard

"bent@npm:^7.3.11":
  version: 7.3.11
  resolution: "bent@npm:7.3.11"
  dependencies:
    bytesish: ^0.4.1
    caseless: ~0.12.0
    is-stream: ^2.0.0
  checksum: 69d7ae719f04ab9419a6093188dcbcb659d2d91ec200358e70bed51453822c7bfeeda404a84956e04225ae1bb05e6711903e527730f021e19c209a1147c58483
  languageName: node
  linkType: hard

"brace-expansion@npm:^1.1.7":
  version: 1.1.11
  resolution: "brace-expansion@npm:1.1.11"
  dependencies:
    balanced-match: ^1.0.0
    concat-map: 0.0.1
  checksum: 4c878e25e4858baf801945dfd63eb68feab2e502cf1122f25f3915c0e3bf397af3a93ff6bef0798db41c0d81ef28c08e55daac38058710f749a3b96eee6b8f40
  languageName: node
  linkType: hard

"bytesish@npm:^0.4.1":
  version: 0.4.3
  resolution: "bytesish@npm:0.4.3"
  checksum: 91a773033171882d523c25dc8a79082da92e69ea0265ac559a7c34b6047c2451caf4ca1a22fdc5a34905b186bf889b9ee00a37f1fb9527fbfe0cffbd48169ec3
  languageName: node
  linkType: hard

"caseless@npm:~0.12.0":
  version: 0.12.0
  resolution: "caseless@npm:0.12.0"
  checksum: 147f48bff9bebf029d7050e2335da3f8d295f26d157edf08d8c3282c804dae04a462c4cd6efa8179755686aa3aeaca5c28f3e7f3559698bc0484c65e46c36c5b
  languageName: node
  linkType: hard

"coffeelint@npm:^2.1.0":
  version: 2.1.0
  resolution: "coffeelint@npm:2.1.0"
  dependencies:
    coffeescript: ^2.1.0
    glob: ^7.0.6
    ignore: ^3.0.9
    optimist: ^0.6.1
    resolve: ^0.6.3
    strip-json-comments: ^1.0.2
  bin:
    coffeelint: ./bin/coffeelint
  checksum: 9ddd7df25b53b3068cc9e5bac63141de43573f9a93f3c9b52d2368334df1afee9351b0f29e8c1762354a4b8b95d4e7a0247baabfca2b2915a70e72d94907bd0d
  languageName: node
  linkType: hard

"coffeescript@npm:^2.1.0, coffeescript@npm:^2.5.1":
  version: 2.5.1
  resolution: "coffeescript@npm:2.5.1"
  bin:
    cake: bin/cake
    coffee: bin/coffee
  checksum: a2fb59193851d4e8fc1eef8792efc30a7491eef667b910a7046a1628cdd735d7c9a64f3b55be34d96a305744b845d90614d2d73a152662c2d9e2d291916e3a33
  languageName: node
  linkType: hard

"commander@npm:~2.14.1":
  version: 2.14.1
  resolution: "commander@npm:2.14.1"
  checksum: b3f6ba4b9c4e71a446e9f5d518ea5b3062b72bb731d617b1a56ef14f775365b1b9f52ecea65a184bbce1f9e2960ce01028fb7ac0202a4ac42e62d5d778257ddb
  languageName: node
  linkType: hard

"concat-map@npm:0.0.1":
  version: 0.0.1
  resolution: "concat-map@npm:0.0.1"
  checksum: 554e28d9ee5aa6e061795473ee092cb3d3a2cbdb76c35416e0bb6e03f136d7d07676da387b2ed0ec4106cedbb6534080d9abc48ecc4a92b76406cf2d0c3c0c4b
  languageName: node
  linkType: hard

"fs.realpath@npm:^1.0.0":
  version: 1.0.0
  resolution: "fs.realpath@npm:1.0.0"
  checksum: 698a91b1695e3926185c9e5b0dd57cf687dceb4eb73799af91e6b2ab741735e2962c366c5af6403ffddae2619914193bd339efa706fdc984d0ffc74b7a3603f4
  languageName: node
  linkType: hard

"glob@npm:^7.0.6":
  version: 7.1.6
  resolution: "glob@npm:7.1.6"
  dependencies:
    fs.realpath: ^1.0.0
    inflight: ^1.0.4
    inherits: 2
    minimatch: ^3.0.4
    once: ^1.3.0
    path-is-absolute: ^1.0.0
  checksum: 789977b52432865bd63846da5c75a6efc2c56abdc0cb5ffcdb8e91eeb67a58fa5594c1195d18b2b4aff99675b0739ed6bd61024b26562e0cca18c8f993efdc82
  languageName: node
  linkType: hard

"ignore@npm:^3.0.9":
  version: 3.3.10
  resolution: "ignore@npm:3.3.10"
  checksum: eda1ee571684bccf3cf9eeb09aba8e85c1331f3f7773af67f70662ffc96a11ef284132bbf65e748249648f296b01276ed9ad4a11d912086fed418892a48e0733
  languageName: node
  linkType: hard

"inflight@npm:^1.0.4":
  version: 1.0.6
  resolution: "inflight@npm:1.0.6"
  dependencies:
    once: ^1.3.0
    wrappy: 1
  checksum: 17c53fc42cbe7f7f471d2bc41b97a0cde4b79a74d5ff59997d3f75210566fa278e17596da526d43de2bd07e222706240ce50e60097e54f2cde2e64cbbb372638
  languageName: node
  linkType: hard

"inherits@npm:2":
  version: 2.0.4
  resolution: "inherits@npm:2.0.4"
  checksum: 98426da247ddfc3dcd7d7daedd90c3ca32d5b08deca08949726f12d49232aef94772a07b36cf4ff833e105ae2ef931777f6de4a6dd8245a216b9299ad4a50bea
  languageName: node
  linkType: hard

"is-stream@npm:^2.0.0":
  version: 2.0.0
  resolution: "is-stream@npm:2.0.0"
  checksum: f92ba04a8b8fafbade79bdaada53a044025db2fbd3fc2be978434db9a097a4afa457c2e3222c70c2ffc38854bde3a352593d6315463a54394f08ca9e51e32b50
  languageName: node
  linkType: hard

"minimatch@npm:^3.0.4":
  version: 3.0.4
  resolution: "minimatch@npm:3.0.4"
  dependencies:
    brace-expansion: ^1.1.7
  checksum: 47eab9263962cacd5733e274ecad2d8e54b0f8e124ba35ae69189e296058f634a4967b87a98954f86fa5c830ff177caf827ce0136d28717ed3232951fb4fae62
  languageName: node
  linkType: hard

"minimist@npm:~0.0.1":
  version: 0.0.10
  resolution: "minimist@npm:0.0.10"
  checksum: 2e45f013789db167eaffc5954531cd6adc9d1bcf86498b1a1de87f8aa4a3bb8ff393226107046a3e681e04e3ca8997156c9d7cf3a03a223ed5b535ae71d2e66e
  languageName: node
  linkType: hard

"once@npm:^1.3.0":
  version: 1.4.0
  resolution: "once@npm:1.4.0"
  dependencies:
    wrappy: 1
  checksum: 57afc246536cf6494437f982b26475f22bee860f8b77ce8eb1543f42a8bffe04b2c66ddfea9a16cb25ccb80943f8ee4fc639367ef97b7a6a4f2672eb573963f5
  languageName: node
  linkType: hard

"optimist@npm:^0.6.1":
  version: 0.6.1
  resolution: "optimist@npm:0.6.1"
  dependencies:
    minimist: ~0.0.1
    wordwrap: ~0.0.2
  checksum: 14cb755f3864ce3459219e1c6a7cd043c7de14f0e6ec5acfc774728e9974a50ae153ebebfcf8a3d38f7bf273e120c6aae735b99d17377fa2c2e867df33402c16
  languageName: node
  linkType: hard

"path-is-absolute@npm:^1.0.0":
  version: 1.0.1
  resolution: "path-is-absolute@npm:1.0.1"
  checksum: 907e1e3e6ac0aef6e65adffd75b3892191d76a5b94c5cf26b43667c4240531d11872ca6979c209b2e5e1609f7f579d02f64ba9936b48bb59d36cc529f0d965ed
  languageName: node
  linkType: hard

resolve@^0.6.3:
  version: 0.6.3
  resolution: "resolve@npm:0.6.3"
  checksum: 582283613383fa7781ca6ae7b1bd61913b9a70fa738cb21681703a43ca8cc9f70bc4766bd250f49426ee666480c43e00508acedb30f88ec76e3786c1be8cc4a3
  languageName: node
  linkType: hard

"resolve@patch:resolve@^0.6.3#builtin<compat/resolve>":
  version: 0.6.3
  resolution: "resolve@patch:resolve@npm%3A0.6.3#builtin<compat/resolve>::version=0.6.3&hash=3388aa"
  checksum: 9b589f1793a9700af84c54214d58c9bf49437a5513280623a60962ea820dc2a358f071dded8c58384c5180ced172c7306ce335a243dc1383d3ff6a3a1ceb48de
  languageName: node
  linkType: hard

"source-map@npm:~0.6.1":
  version: 0.6.1
  resolution: "source-map@npm:0.6.1"
  checksum: 8647829a0611724114022be455ca1c8a2c8ae61df81c5b3667d9b398207226a1e21174fb7bbf0b4dbeb27ac358222afb5a14f1c74a62a62b8883b012e5eb1270
  languageName: node
  linkType: hard

"strip-json-comments@npm:^1.0.2":
  version: 1.0.4
  resolution: "strip-json-comments@npm:1.0.4"
  bin:
    strip-json-comments: cli.js
  checksum: f37f9b3465688adf2306b0db60171849f901f6f87e524550e5f275e41c826ea88a25a4d8e79b5b5fccd22dd90f84f0963ad8d93c3091adabd70616f023ea26b9
  languageName: node
  linkType: hard

"uglify-es@npm:^3.3.9":
  version: 3.3.10
  resolution: "uglify-es@npm:3.3.10"
  dependencies:
    commander: ~2.14.1
    source-map: ~0.6.1
  bin:
    uglifyjs: bin/uglifyjs
  checksum: 12668aa67c3ee072b6e441e5f121651ca7aa0477d29225fc5e5c227881d106b2813fb22cc5506735a7b70c6f44ab1d734717af192cd023cb7a639db9c23773be
  languageName: node
  linkType: hard

"weather-au-api@workspace:.":
  version: 0.0.0-use.local
  resolution: "weather-au-api@workspace:."
  dependencies:
    bent: ^7.3.11
    coffeelint: ^2.1.0
    coffeescript: ^2.5.1
    uglify-es: ^3.3.9
  languageName: unknown
  linkType: soft

"wordwrap@npm:~0.0.2":
  version: 0.0.3
  resolution: "wordwrap@npm:0.0.3"
  checksum: e8c84baa721bd7bc13a88e52e1bc25dd4d14accedafe04d24fbc400ba74ae6d620ac4eff5425d5cab342d1ff43f74396272492039b7d7a804bffd2039a153ff0
  languageName: node
  linkType: hard

"wrappy@npm:1":
  version: 1.0.2
  resolution: "wrappy@npm:1.0.2"
  checksum: 519fcda0fcdf0c16327be2de9d98646742307bc830277e8868529fcf7566f2b330a6453c233e0cdcb767d5838dd61a90984a02ecc983bcddebea5ad0833bbf98
  languageName: node
  linkType: hard
